// !$*UTF8*$!
{
	archiveVersion = 1;
	classes = {
	};
	objectVersion = 46;
	objects = {

/* Begin PBXBuildFile section */
		224723E61A41BA96006439A5 /* AppDelegate.swift in Sources */ = {isa = PBXBuildFile; fileRef = 224723E51A41BA96006439A5 /* AppDelegate.swift */; };
		224723E81A41BA96006439A5 /* ViewController.swift in Sources */ = {isa = PBXBuildFile; fileRef = 224723E71A41BA96006439A5 /* ViewController.swift */; };
		224723EB1A41BA96006439A5 /* Main.storyboard in Resources */ = {isa = PBXBuildFile; fileRef = 224723E91A41BA96006439A5 /* Main.storyboard */; };
		224723ED1A41BA96006439A5 /* Images.xcassets in Resources */ = {isa = PBXBuildFile; fileRef = 224723EC1A41BA96006439A5 /* Images.xcassets */; };
		224723F01A41BA96006439A5 /* LaunchScreen.xib in Resources */ = {isa = PBXBuildFile; fileRef = 224723EE1A41BA96006439A5 /* LaunchScreen.xib */; };
		224723FC1A41BA96006439A5 /* RateButtonTests.swift in Sources */ = {isa = PBXBuildFile; fileRef = 224723FB1A41BA96006439A5 /* RateButtonTests.swift */; };
		224724061A41BABF006439A5 /* RateControl.swift in Sources */ = {isa = PBXBuildFile; fileRef = 224724051A41BABF006439A5 /* RateControl.swift */; };
/* End PBXBuildFile section */

/* Begin PBXContainerItemProxy section */
		224723F61A41BA96006439A5 /* PBXContainerItemProxy */ = {
			isa = PBXContainerItemProxy;
			containerPortal = 224723D81A41BA96006439A5 /* Project object */;
			proxyType = 1;
			remoteGlobalIDString = 224723DF1A41BA96006439A5;
			remoteInfo = RateButton;
		};
/* End PBXContainerItemProxy section */

/* Begin PBXFileReference section */
		224723E01A41BA96006439A5 /* RateButton.app */ = {isa = PBXFileReference; explicitFileType = wrapper.application; includeInIndex = 0; path = RateButton.app; sourceTree = BUILT_PRODUCTS_DIR; };
		224723E41A41BA96006439A5 /* Info.plist */ = {isa = PBXFileReference; lastKnownFileType = text.plist.xml; path = Info.plist; sourceTree = "<group>"; };
		224723E51A41BA96006439A5 /* AppDelegate.swift */ = {isa = PBXFileReference; lastKnownFileType = sourcecode.swift; path = AppDelegate.swift; sourceTree = "<group>"; };
		224723E71A41BA96006439A5 /* ViewController.swift */ = {isa = PBXFileReference; lastKnownFileType = sourcecode.swift; path = ViewController.swift; sourceTree = "<group>"; };
		224723EA1A41BA96006439A5 /* Base */ = {isa = PBXFileReference; lastKnownFileType = file.storyboard; name = Base; path = Base.lproj/Main.storyboard; sourceTree = "<group>"; };
		224723EC1A41BA96006439A5 /* Images.xcassets */ = {isa = PBXFileReference; lastKnownFileType = folder.assetcatalog; path = Images.xcassets; sourceTree = "<group>"; };
		224723EF1A41BA96006439A5 /* Base */ = {isa = PBXFileReference; lastKnownFileType = file.xib; name = Base; path = Base.lproj/LaunchScreen.xib; sourceTree = "<group>"; };
		224723F51A41BA96006439A5 /* RateButtonTests.xctest */ = {isa = PBXFileReference; explicitFileType = wrapper.cfbundle; includeInIndex = 0; path = RateButtonTests.xctest; sourceTree = BUILT_PRODUCTS_DIR; };
		224723FA1A41BA96006439A5 /* Info.plist */ = {isa = PBXFileReference; lastKnownFileType = text.plist.xml; path = Info.plist; sourceTree = "<group>"; };
		224723FB1A41BA96006439A5 /* RateButtonTests.swift */ = {isa = PBXFileReference; lastKnownFileType = sourcecode.swift; path = RateButtonTests.swift; sourceTree = "<group>"; };
		224724051A41BABF006439A5 /* RateControl.swift */ = {isa = PBXFileReference; fileEncoding = 4; lastKnownFileType = sourcecode.swift; path = RateControl.swift; sourceTree = "<group>"; };
/* End PBXFileReference section */

/* Begin PBXFrameworksBuildPhase section */
		224723DD1A41BA96006439A5 /* Frameworks */ = {
			isa = PBXFrameworksBuildPhase;
			buildActionMask = 2147483647;
			files = (
			);
			runOnlyForDeploymentPostprocessing = 0;
		};
		224723F21A41BA96006439A5 /* Frameworks */ = {
			isa = PBXFrameworksBuildPhase;
			buildActionMask = 2147483647;
			files = (
			);
			runOnlyForDeploymentPostprocessing = 0;
		};
/* End PBXFrameworksBuildPhase section */

/* Begin PBXGroup section */
		224723D71A41BA96006439A5 = {
			isa = PBXGroup;
			children = (
				224723E21A41BA96006439A5 /* RateButton */,
				224723F81A41BA96006439A5 /* RateButtonTests */,
				224723E11A41BA96006439A5 /* Products */,
			);
			sourceTree = "<group>";
		};
		224723E11A41BA96006439A5 /* Products */ = {
			isa = PBXGroup;
			children = (
				224723E01A41BA96006439A5 /* RateButton.app */,
				224723F51A41BA96006439A5 /* RateButtonTests.xctest */,
			);
			name = Products;
			sourceTree = "<group>";
		};
		224723E21A41BA96006439A5 /* RateButton */ = {
			isa = PBXGroup;
			children = (
				224723E51A41BA96006439A5 /* AppDelegate.swift */,
				224723E71A41BA96006439A5 /* ViewController.swift */,
				224724051A41BABF006439A5 /* RateControl.swift */,
				224723E91A41BA96006439A5 /* Main.storyboard */,
				224723EC1A41BA96006439A5 /* Images.xcassets */,
				224723EE1A41BA96006439A5 /* LaunchScreen.xib */,
				224723E31A41BA96006439A5 /* Supporting Files */,
			);
			path = RateButton;
			sourceTree = "<group>";
		};
		224723E31A41BA96006439A5 /* Supporting Files */ = {
			isa = PBXGroup;
			children = (
				224723E41A41BA96006439A5 /* Info.plist */,
			);
			name = "Supporting Files";
			sourceTree = "<group>";
		};
		224723F81A41BA96006439A5 /* RateButtonTests */ = {
			isa = PBXGroup;
			children = (
				224723FB1A41BA96006439A5 /* RateButtonTests.swift */,
				224723F91A41BA96006439A5 /* Supporting Files */,
			);
			path = RateButtonTests;
			sourceTree = "<group>";
		};
		224723F91A41BA96006439A5 /* Supporting Files */ = {
			isa = PBXGroup;
			children = (
				224723FA1A41BA96006439A5 /* Info.plist */,
			);
			name = "Supporting Files";
			sourceTree = "<group>";
		};
/* End PBXGroup section */

/* Begin PBXNativeTarget section */
		224723DF1A41BA96006439A5 /* RateButton */ = {
			isa = PBXNativeTarget;
			buildConfigurationList = 224723FF1A41BA96006439A5 /* Build configuration list for PBXNativeTarget "RateButton" */;
			buildPhases = (
				224723DC1A41BA96006439A5 /* Sources */,
				224723DD1A41BA96006439A5 /* Frameworks */,
				224723DE1A41BA96006439A5 /* Resources */,
			);
			buildRules = (
			);
			dependencies = (
			);
			name = RateButton;
			productName = RateButton;
			productReference = 224723E01A41BA96006439A5 /* RateButton.app */;
			productType = "com.apple.product-type.application";
		};
		224723F41A41BA96006439A5 /* RateButtonTests */ = {
			isa = PBXNativeTarget;
			buildConfigurationList = 224724021A41BA96006439A5 /* Build configuration list for PBXNativeTarget "RateButtonTests" */;
			buildPhases = (
				224723F11A41BA96006439A5 /* Sources */,
				224723F21A41BA96006439A5 /* Frameworks */,
				224723F31A41BA96006439A5 /* Resources */,
			);
			buildRules = (
			);
			dependencies = (
				224723F71A41BA96006439A5 /* PBXTargetDependency */,
			);
			name = RateButtonTests;
			productName = RateButtonTests;
			productReference = 224723F51A41BA96006439A5 /* RateButtonTests.xctest */;
			productType = "com.apple.product-type.bundle.unit-test";
		};
/* End PBXNativeTarget section */

/* Begin PBXProject section */
		224723D81A41BA96006439A5 /* Project object */ = {
			isa = PBXProject;
			attributes = {
				LastUpgradeCheck = 0610;
				ORGANIZATIONNAME = Rostmen;
				TargetAttributes = {
					224723DF1A41BA96006439A5 = {
						CreatedOnToolsVersion = 6.1.1;
					};
					224723F41A41BA96006439A5 = {
						CreatedOnToolsVersion = 6.1.1;
						TestTargetID = 224723DF1A41BA96006439A5;
					};
				};
			};
			buildConfigurationList = 224723DB1A41BA96006439A5 /* Build configuration list for PBXProject "RateButton" */;
			compatibilityVersion = "Xcode 3.2";
			developmentRegion = English;
			hasScannedForEncodings = 0;
			knownRegions = (
				en,
				Base,
			);
			mainGroup = 224723D71A41BA96006439A5;
			productRefGroup = 224723E11A41BA96006439A5 /* Products */;
			projectDirPath = "";
			projectRoot = "";
			targets = (
				224723DF1A41BA96006439A5 /* RateButton */,
				224723F41A41BA96006439A5 /* RateButtonTests */,
			);
		};
/* End PBXProject section */

/* Begin PBXResourcesBuildPhase section */
		224723DE1A41BA96006439A5 /* Resources */ = {
			isa = PBXResourcesBuildPhase;
			buildActionMask = 2147483647;
			files = (
				224723EB1A41BA96006439A5 /* Main.storyboard in Resources */,
				224723F01A41BA96006439A5 /* LaunchScreen.xib in Resources */,
				224723ED1A41BA96006439A5 /* Images.xcassets in Resources */,
			);
			runOnlyForDeploymentPostprocessing = 0;
		};
		224723F31A41BA96006439A5 /* Resources */ = {
			isa = PBXResourcesBuildPhase;
			buildActionMask = 2147483647;
			files = (
			);
			runOnlyForDeploymentPostprocessing = 0;
		};
/* End PBXResourcesBuildPhase section */

/* Begin PBXSourcesBuildPhase section */
		224723DC1A41BA96006439A5 /* Sources */ = {
			isa = PBXSourcesBuildPhase;
			buildActionMask = 2147483647;
			files = (
				224724061A41BABF006439A5 /* RateControl.swift in Sources */,
				224723E81A41BA96006439A5 /* ViewController.swift in Sources */,
				224723E61A41BA96006439A5 /* AppDelegate.swift in Sources */,
			);
			runOnlyForDeploymentPostprocessing = 0;
		};
		224723F11A41BA96006439A5 /* Sources */ = {
			isa = PBXSourcesBuildPhase;
			buildActionMask = 2147483647;
			files = (
				224723FC1A41BA96006439A5 /* RateButtonTests.swift in Sources */,
			);
			runOnlyForDeploymentPostprocessing = 0;
		};
/* End PBXSourcesBuildPhase section */

/* Begin PBXTargetDependency section */
		224723F71A41BA96006439A5 /* PBXTargetDependency */ = {
			isa = PBXTargetDependency;
			target = 224723DF1A41BA96006439A5 /* RateButton */;
			targetProxy = 224723F61A41BA96006439A5 /* PBXContainerItemProxy */;
		};
/* End PBXTargetDependency section */

/* Begin PBXVariantGroup section */
		224723E91A41BA96006439A5 /* Main.storyboard */ = {
			isa = PBXVariantGroup;
			children = (
				224723EA1A41BA96006439A5 /* Base */,
			);
			name = Main.storyboard;
			sourceTree = "<group>";
		};
		224723EE1A41BA96006439A5 /* LaunchScreen.xib */ = {
			isa = PBXVariantGroup;
			children = (
				224723EF1A41BA96006439A5 /* Base */,
			);
			name = LaunchScreen.xib;
			sourceTree = "<group>";
		};
/* End PBXVariantGroup section */

/* Begin XCBuildConfiguration section */
		224723FD1A41BA96006439A5 /* Debug */ = {
			isa = XCBuildConfiguration;
			buildSettings = {
				ALWAYS_SEARCH_USER_PATHS = NO;
				CLANG_CXX_LANGUAGE_STANDARD = "gnu++0x";
				CLANG_CXX_LIBRARY = "libc++";
				CLANG_ENABLE_MODULES = YES;
				CLANG_ENABLE_OBJC_ARC = YES;
				CLANG_WARN_BOOL_CONVERSION = YES;
				CLANG_WARN_CONSTANT_CONVERSION = YES;
				CLANG_WARN_DIRECT_OBJC_ISA_USAGE = YES_ERROR;
				CLANG_WARN_EMPTY_BODY = YES;
				CLANG_WARN_ENUM_CONVERSION = YES;
				CLANG_WARN_INT_CONVERSION = YES;
				CLANG_WARN_OBJC_ROOT_CLASS = YES_ERROR;
				CLANG_WARN_UNREACHABLE_CODE = YES;
				CLANG_WARN__DUPLICATE_METHOD_MATCH = YES;
				"CODE_SIGN_IDENTITY[sdk=iphoneos*]" = "iPhone Developer";
				COPY_PHASE_STRIP = NO;
				ENABLE_STRICT_OBJC_MSGSEND = YES;
				GCC_C_LANGUAGE_STANDARD = gnu99;
				GCC_DYNAMIC_NO_PIC = NO;
				GCC_OPTIMIZATION_LEVEL = 0;
				GCC_PREPROCESSOR_DEFINITIONS = (
					"DEBUG=1",
					"$(inherited)",
				);
				GCC_SYMBOLS_PRIVATE_EXTERN = NO;
				GCC_WARN_64_TO_32_BIT_CONVERSION = YES;
				GCC_WARN_ABOUT_RETURN_TYPE = YES_ERROR;
				GCC_WARN_UNDECLARED_SELECTOR = YES;
				GCC_WARN_UNINITIALIZED_AUTOS = YES_AGGRESSIVE;
				GCC_WARN_UNUSED_FUNCTION = YES;
				GCC_WARN_UNUSED_VARIABLE = YES;
				IPHONEOS_DEPLOYMENT_TARGET = 8.1;
				MTL_ENABLE_DEBUG_INFO = YES;
				ONLY_ACTIVE_ARCH = YES;
				SDKROOT = iphoneos;
				SWIFT_OPTIMIZATION_LEVEL = "-Onone";
				TARGETED_DEVICE_FAMILY = "1,2";
			};
			name = Debug;
		};
		224723FE1A41BA96006439A5 /* Release */ = {
			isa = XCBuildConfiguration;
			buildSettings = {
				ALWAYS_SEARCH_USER_PATHS = NO;
				CLANG_CXX_LANGUAGE_STANDARD = "gnu++0x";
				CLANG_CXX_LIBRARY = "libc++";
				CLANG_ENABLE_MODULES = YES;
				CLANG_ENABLE_OBJC_ARC = YES;
				CLANG_WARN_BOOL_CONVERSION = YES;
				CLANG_WARN_CONSTANT_CONVERSION = YES;
				CLANG_WARN_DIRECT_OBJC_ISA_USAGE = YES_ERROR;
				CLANG_WARN_EMPTY_BODY = YES;
				CLANG_WARN_ENUM_CONVERSION = YES;
				CLANG_WARN_INT_CONVERSION = YES;
				CLANG_WARN_OBJC_ROOT_CLASS = YES_ERROR;
				CLANG_WARN_UNREACHABLE_CODE = YES;
				CLANG_WARN__DUPLICATE_METHOD_MATCH = YES;
				"CODE_SIGN_IDENTITY[sdk=iphoneos*]" = "iPhone Developer";
				COPY_PHASE_STRIP = YES;
				ENABLE_NS_ASSERTIONS = NO;
				ENABLE_STRICT_OBJC_MSGSEND = YES;
				GCC_C_LANGUAGE_STANDARD = gnu99;
				GCC_WARN_64_TO_32_BIT_CONVERSION = YES;
				GCC_WARN_ABOUT_RETURN_TYPE = YES_ERROR;
				GCC_WARN_UNDECLARED_SELECTOR = YES;
				GCC_WARN_UNINITIALIZED_AUTOS = YES_AGGRESSIVE;
				GCC_WARN_UNUSED_FUNCTION = YES;
				GCC_WARN_UNUSED_VARIABLE = YES;
				IPHONEOS_DEPLOYMENT_TARGET = 8.1;
				MTL_ENABLE_DEBUG_INFO = NO;
				SDKROOT = iphoneos;
				TARGETED_DEVICE_FAMILY = "1,2";
				VALIDATE_PRODUCT = YES;
			};
			name = Release;
		};
		224724001A41BA96006439A5 /* Debug */ = {
			isa = XCBuildConfiguration;
			buildSettings = {
				ASSETCATALOG_COMPILER_APPICON_NAME = AppIcon;
				INFOPLIST_FILE = RateButton/Info.plist;
				LD_RUNPATH_SEARCH_PATHS = "$(inherited) @executable_path/Frameworks";
				PRODUCT_NAME = "$(TARGET_NAME)";
			};
			name = Debug;
		};
		224724011A41BA96006439A5 /* Release */ = {
			isa = XCBuildConfiguration;
			buildSettings = {
				ASSETCATALOG_COMPILER_APPICON_NAME = AppIcon;
				INFOPLIST_FILE = RateButton/Info.plist;
				LD_RUNPATH_SEARCH_PATHS = "$(inherited) @executable_path/Frameworks";
				PRODUCT_NAME = "$(TARGET_NAME)";
			};
			name = Release;
		};
		224724031A41BA96006439A5 /* Debug */ = {
			isa = XCBuildConfiguration;
			buildSettings = {
				BUNDLE_LOADER = "$(TEST_HOST)";
				FRAMEWORK_SEARCH_PATHS = (
					"$(SDKROOT)/Developer/Library/Frameworks",
					"$(inherited)",
				);
				GCC_PREPROCESSOR_DEFINITIONS = (
					"DEBUG=1",
					"$(inherited)",
				);
				INFOPLIST_FILE = RateButtonTests/Info.plist;
				LD_RUNPATH_SEARCH_PATHS = "$(inherited) @executable_path/Frameworks @loader_path/Frameworks";
				PRODUCT_NAME = "$(TARGET_NAME)";
				TEST_HOST = "$(BUILT_PRODUCTS_DIR)/RateButton.app/RateButton";
			};
			name = Debug;
		};
		224724041A41BA96006439A5 /* Release */ = {
			isa = XCBuildConfiguration;
			buildSettings = {
				BUNDLE_LOADER = "$(TEST_HOST)";
				FRAMEWORK_SEARCH_PATHS = (
					"$(SDKROOT)/Developer/Library/Frameworks",
					"$(inherited)",
				);
				INFOPLIST_FILE = RateButtonTests/Info.plist;
				LD_RUNPATH_SEARCH_PATHS = "$(inherited) @executable_path/Frameworks @loader_path/Frameworks";
				PRODUCT_NAME = "$(TARGET_NAME)";
				TEST_HOST = "$(BUILT_PRODUCTS_DIR)/RateButton.app/RateButton";
			};
			name = Release;
		};
/* End XCBuildConfiguration section */

/* Begin XCConfigurationList section */
		224723DB1A41BA96006439A5 /* Build configuration list for PBXProject "RateButton" */ = {
			isa = XCConfigurationList;
			buildConfigurations = (
				224723FD1A41BA96006439A5 /* Debug */,
				224723FE1A41BA96006439A5 /* Release */,
			);
			defaultConfigurationIsVisible = 0;
			defaultConfigurationName = Release;
		};
		224723FF1A41BA96006439A5 /* Build configuration list for PBXNativeTarget "RateButton" */ = {
			isa = XCConfigurationList;
			buildConfigurations = (
				224724001A41BA96006439A5 /* Debug */,
				224724011A41BA96006439A5 /* Release */,
			);
			defaultConfigurationIsVisible = 0;
		};
		224724021A41BA96006439A5 /* Build configuration list for PBXNativeTarget "RateButtonTests" */ = {
			isa = XCConfigurationList;
			buildConfigurations = (
				224724031A41BA96006439A5 /* Debug */,
				224724041A41BA96006439A5 /* Release */,
			);
			defaultConfigurationIsVisible = 0;
		};
/* End XCConfigurationList section */
	};
	rootObject = 224723D81A41BA96006439A5 /* Project object */;
}
